
Microsoft Visual Studio Solution File, Format Version 12.00
# Visual Studio Version 16
VisualStudioVersion = 16.0.30709.132
MinimumVisualStudioVersion = 10.0.40219.1
Project("{9A19103F-16F7-4668-BE54-9A1E7A4F7556}") = "ReportingSystem.Web", "ReportingSystem.Web\ReportingSystem.Web.csproj", "{C972703E-1995-4363-98FA-C10ABA897692}"
EndProject
Project("{9A19103F-16F7-4668-BE54-9A1E7A4F7556}") = "ReportingSystem.Logic", "ReportingSystem.Logic\ReportingSystem.Logic.csproj", "{5DDBFD3F-65B4-43A4-ACC7-74EDB31C307F}"
EndProject
Project("{9A19103F-16F7-4668-BE54-9A1E7A4F7556}") = "ReportingSystem.Shared", "ReportingSystem.Shared\ReportingSystem.Shared.csproj", "{0F9607F8-E13B-4754-9D77-8A661861A94E}"
EndProject
Project("{9A19103F-16F7-4668-BE54-9A1E7A4F7556}") = "ReportingSystem.PowerBI", "ReportingSystem.PowerBI\ReportingSystem.PowerBI.csproj", "{A6183947-21D9-4427-A709-EC7EB24FC952}"
EndProject
Project("{9A19103F-16F7-4668-BE54-9A1E7A4F7556}") = "ReportingSystem.AzureStorage", "ReportingSystem.AzureStorage\ReportingSystem.AzureStorage.csproj", "{ACB0CCDD-F412-4D0B-BD58-9FEDF1930B5B}"
EndProject
Project("{9A19103F-16F7-4668-BE54-9A1E7A4F7556}") = "ReportingSystem.Tests", "ReportingSystem.Tests\ReportingSystem.Tests.csproj", "{9DAEB884-0394-4C11-B1A4-AA5CCEF90551}"
EndProject
Project("{9A19103F-16F7-4668-BE54-9A1E7A4F7556}") = "ReportingSystem.Dal", "ReportingSystem.Dal\ReportingSystem.Dal.csproj", "{0FF6016C-6084-497A-AC6D-06788A0F9D19}"
EndProject
Project("{FAE04EC0-301F-11D3-BF4B-00C04F79EFBC}") = "ReportingSystem", "ReportingSystem\ReportingSystem.csproj", "{C87EBD24-4F6A-40C1-BFD5-58D4E8A31E5A}"
EndProject
Global
	GlobalSection(SolutionConfigurationPlatforms) = preSolution
		Debug|Any CPU = Debug|Any CPU
		Release|Any CPU = Release|Any CPU
	EndGlobalSection
	GlobalSection(ProjectConfigurationPlatforms) = postSolution
		{C972703E-1995-4363-98FA-C10ABA897692}.Debug|Any CPU.ActiveCfg = Debug|Any CPU
		{C972703E-1995-4363-98FA-C10ABA897692}.Debug|Any CPU.Build.0 = Debug|Any CPU
		{C972703E-1995-4363-98FA-C10ABA897692}.Release|Any CPU.ActiveCfg = Release|Any CPU
		{C972703E-1995-4363-98FA-C10ABA897692}.Release|Any CPU.Build.0 = Release|Any CPU
		{5DDBFD3F-65B4-43A4-ACC7-74EDB31C307F}.Debug|Any CPU.ActiveCfg = Debug|Any CPU
		{5DDBFD3F-65B4-43A4-ACC7-74EDB31C307F}.Debug|Any CPU.Build.0 = Debug|Any CPU
		{5DDBFD3F-65B4-43A4-ACC7-74EDB31C307F}.Release|Any CPU.ActiveCfg = Release|Any CPU
		{5DDBFD3F-65B4-43A4-ACC7-74EDB31C307F}.Release|Any CPU.Build.0 = Release|Any CPU
		{0F9607F8-E13B-4754-9D77-8A661861A94E}.Debug|Any CPU.ActiveCfg = Debug|Any CPU
		{0F9607F8-E13B-4754-9D77-8A661861A94E}.Debug|Any CPU.Build.0 = Debug|Any CPU
		{0F9607F8-E13B-4754-9D77-8A661861A94E}.Release|Any CPU.ActiveCfg = Release|Any CPU
		{0F9607F8-E13B-4754-9D77-8A661861A94E}.Release|Any CPU.Build.0 = Release|Any CPU
		{A6183947-21D9-4427-A709-EC7EB24FC952}.Debug|Any CPU.ActiveCfg = Debug|Any CPU
		{A6183947-21D9-4427-A709-EC7EB24FC952}.Debug|Any CPU.Build.0 = Debug|Any CPU
		{A6183947-21D9-4427-A709-EC7EB24FC952}.Release|Any CPU.ActiveCfg = Release|Any CPU
		{A6183947-21D9-4427-A709-EC7EB24FC952}.Release|Any CPU.Build.0 = Release|Any CPU
		{ACB0CCDD-F412-4D0B-BD58-9FEDF1930B5B}.Debug|Any CPU.ActiveCfg = Debug|Any CPU
		{ACB0CCDD-F412-4D0B-BD58-9FEDF1930B5B}.Debug|Any CPU.Build.0 = Debug|Any CPU
		{ACB0CCDD-F412-4D0B-BD58-9FEDF1930B5B}.Release|Any CPU.ActiveCfg = Release|Any CPU
		{ACB0CCDD-F412-4D0B-BD58-9FEDF1930B5B}.Release|Any CPU.Build.0 = Release|Any CPU
		{9DAEB884-0394-4C11-B1A4-AA5CCEF90551}.Debug|Any CPU.ActiveCfg = Debug|Any CPU
		{9DAEB884-0394-4C11-B1A4-AA5CCEF90551}.Debug|Any CPU.Build.0 = Debug|Any CPU
		{9DAEB884-0394-4C11-B1A4-AA5CCEF90551}.Release|Any CPU.ActiveCfg = Release|Any CPU
		{9DAEB884-0394-4C11-B1A4-AA5CCEF90551}.Release|Any CPU.Build.0 = Release|Any CPU
		{0FF6016C-6084-497A-AC6D-06788A0F9D19}.Debug|Any CPU.ActiveCfg = Debug|Any CPU
		{0FF6016C-6084-497A-AC6D-06788A0F9D19}.Debug|Any CPU.Build.0 = Debug|Any CPU
		{0FF6016C-6084-497A-AC6D-06788A0F9D19}.Release|Any CPU.ActiveCfg = Release|Any CPU
		{0FF6016C-6084-497A-AC6D-06788A0F9D19}.Release|Any CPU.Build.0 = Release|Any CPU
		{C87EBD24-4F6A-40C1-BFD5-58D4E8A31E5A}.Debug|Any CPU.ActiveCfg = Debug|Any CPU
		{C87EBD24-4F6A-40C1-BFD5-58D4E8A31E5A}.Debug|Any CPU.Build.0 = Debug|Any CPU
		{C87EBD24-4F6A-40C1-BFD5-58D4E8A31E5A}.Release|Any CPU.ActiveCfg = Release|Any CPU
		{C87EBD24-4F6A-40C1-BFD5-58D4E8A31E5A}.Release|Any CPU.Build.0 = Release|Any CPU
	EndGlobalSection
	GlobalSection(SolutionProperties) = preSolution
		HideSolutionNode = FALSE
	EndGlobalSection
	GlobalSection(ExtensibilityGlobals) = postSolution
		SolutionGuid = {9013DA54-8F12-4F3E-8CD9-59631A60A63D}
	EndGlobalSection
EndGlobal
